
Microsoft Visual Studio Solution File, Format Version 12.00
# Visual Studio Version 17
VisualStudioVersion = 17.7.34031.279
MinimumVisualStudioVersion = 10.0.40219.1
Project("{FAE04EC0-301F-11D3-BF4B-00C04F79EFBC}") = "WindowsFormsApp1", "WindowsFormsApp1\WindowsFormsApp1.csproj", "{65109212-B742-4160-80C1-9C9288537DCF}"
EndProject
Global
	GlobalSection(SolutionConfigurationPlatforms) = preSolution
		Debug|Any CPU = Debug|Any CPU
		Release|Any CPU = Release|Any CPU
	EndGlobalSection
	GlobalSection(ProjectConfigurationPlatforms) = postSolution
		{65109212-B742-4160-80C1-9C9288537DCF}.Debug|Any CPU.ActiveCfg = Debug|Any CPU
		{65109212-B742-4160-80C1-9C9288537DCF}.Debug|Any CPU.Build.0 = Debug|Any CPU
		{65109212-B742-4160-80C1-9C9288537DCF}.Release|Any CPU.ActiveCfg = Release|Any CPU
		{65109212-B742-4160-80C1-9C9288537DCF}.Release|Any CPU.Build.0 = Release|Any CPU
	EndGlobalSection
	GlobalSection(SolutionProperties) = preSolution
		HideSolutionNode = FALSE
	EndGlobalSection
	GlobalSection(ExtensibilityGlobals) = postSolution
		SolutionGuid = {1DB8A5EB-37FA-4527-AD11-538829B9DF4E}
	EndGlobalSection
EndGlobal
